
Microsoft Visual Studio Solution File, Format Version 12.00
Project("{FAE04EC0-301F-11D3-BF4B-00C04F79EFBC}") = "SeleniumGenius", "src\SeleniumGenius\SeleniumGenius.csproj", "{41A9F730-7D5B-481D-9964-00ABD5BD31F8}"
EndProject
Project("{2150E333-8FDC-42A3-9474-1A3956D46DE8}") = "Solution Items", "Solution Items", "{DFD8473F-116D-4CB3-89CB-F3FFD86D2D38}"
	ProjectSection(SolutionItems) = preProject
		.gitignore = .gitignore
		README.md = README.md
	EndProjectSection
EndProject
Global
	GlobalSection(SolutionConfigurationPlatforms) = preSolution
		Debug|Any CPU = Debug|Any CPU
		Release|Any CPU = Release|Any CPU
	EndGlobalSection
	GlobalSection(ProjectConfigurationPlatforms) = postSolution
		{41A9F730-7D5B-481D-9964-00ABD5BD31F8}.Debug|Any CPU.ActiveCfg = Debug|Any CPU
		{41A9F730-7D5B-481D-9964-00ABD5BD31F8}.Debug|Any CPU.Build.0 = Debug|Any CPU
		{41A9F730-7D5B-481D-9964-00ABD5BD31F8}.Release|Any CPU.ActiveCfg = Release|Any CPU
		{41A9F730-7D5B-481D-9964-00ABD5BD31F8}.Release|Any CPU.Build.0 = Release|Any CPU
	EndGlobalSection
EndGlobal
